
Microsoft Visual Studio Solution File, Format Version 12.00
# Visual Studio Version 16
VisualStudioVersion = 16.0.29709.97
MinimumVisualStudioVersion = 10.0.40219.1
Project("{FAE04EC0-301F-11D3-BF4B-00C04F79EFBC}") = "WPF17", "WPF17\WPF17.csproj", "{81A7C2B2-16B4-4161-BA21-687882C85927}"
EndProject
Global
	GlobalSection(SolutionConfigurationPlatforms) = preSolution
		Debug|Any CPU = Debug|Any CPU
		Release|Any CPU = Release|Any CPU
	EndGlobalSection
	GlobalSection(ProjectConfigurationPlatforms) = postSolution
		{81A7C2B2-16B4-4161-BA21-687882C85927}.Debug|Any CPU.ActiveCfg = Debug|Any CPU
		{81A7C2B2-16B4-4161-BA21-687882C85927}.Debug|Any CPU.Build.0 = Debug|Any CPU
		{81A7C2B2-16B4-4161-BA21-687882C85927}.Release|Any CPU.ActiveCfg = Release|Any CPU
		{81A7C2B2-16B4-4161-BA21-687882C85927}.Release|Any CPU.Build.0 = Release|Any CPU
	EndGlobalSection
	GlobalSection(SolutionProperties) = preSolution
		HideSolutionNode = FALSE
	EndGlobalSection
	GlobalSection(ExtensibilityGlobals) = postSolution
		SolutionGuid = {CF1FA3C8-2325-41B2-B8D7-B07A14DE19CA}
	EndGlobalSection
EndGlobal
